Microsoft Visual Studio Solution File, Format Version 12.00
# Visual Studio Version 17
VisualStudioVersion = 17.5.2.0
MinimumVisualStudioVersion = 10.0.40219.1
Project("{FAE04EC0-301F-11D3-BF4B-00C04F79EFBC}") = "GauMeo", "src\GauMeo\GauMeo.csproj", "{E71A640C-E692-92C8-28F8-27C1DB69BD96}"
EndProject
Global
	GlobalSection(SolutionConfigurationPlatforms) = preSolution
		Debug|Any CPU = Debug|Any CPU
		Release|Any CPU = Release|Any CPU
	EndGlobalSection
	GlobalSection(ProjectConfigurationPlatforms) = postSolution
		{E71A640C-E692-92C8-28F8-27C1DB69BD96}.Debug|Any CPU.ActiveCfg = Debug|Any CPU
		{E71A640C-E692-92C8-28F8-27C1DB69BD96}.Debug|Any CPU.Build.0 = Debug|Any CPU
		{E71A640C-E692-92C8-28F8-27C1DB69BD96}.Release|Any CPU.ActiveCfg = Release|Any CPU
		{E71A640C-E692-92C8-28F8-27C1DB69BD96}.Release|Any CPU.Build.0 = Release|Any CPU
	EndGlobalSection
	GlobalSection(SolutionProperties) = preSolution
		HideSolutionNode = FALSE
	EndGlobalSection
	GlobalSection(ExtensibilityGlobals) = postSolution
		SolutionGuid = {51AF33AA-1CC4-4E9E-A51E-417411B90EFC}
	EndGlobalSection
EndGlobal
